
Microsoft Visual Studio Solution File, Format Version 12.00
# Visual Studio Version 17
VisualStudioVersion = 17.1.32414.318
MinimumVisualStudioVersion = 10.0.40219.1
Project("{2150E333-8FDC-42A3-9474-1A3956D46DE8}") = "Components", "Components", "{DF50DE95-3F11-44A2-86B4-377E8074C8EE}"
EndProject
Project("{2150E333-8FDC-42A3-9474-1A3956D46DE8}") = "LibEwf", "LibEwf", "{C963D987-DDA3-4BA6-9C8A-7C65B57417E6}"
EndProject
Project("{8BC9CEB8-8B4A-11D0-8D11-00A0C91BC942}") = "libewf", "libewf\libewf.vcxproj", "{41C2387C-9D7F-42B9-9998-3430FBC95AE7}"
EndProject
Project("{8BC9CEB8-8B4A-11D0-8D11-00A0C91BC942}") = "libbfio", "libbfio\libbfio.vcxproj", "{41CFAFBF-A1C8-4704-AFEF-31979E6452B9}"
EndProject
Project("{8BC9CEB8-8B4A-11D0-8D11-00A0C91BC942}") = "libcaes", "libcaes\libcaes.vcxproj", "{E2E45353-D420-4921-A2CF-59D9047262F8}"
EndProject
Project("{8BC9CEB8-8B4A-11D0-8D11-00A0C91BC942}") = "libcdata", "libcdata\libcdata.vcxproj", "{B9332DC8-7594-47DF-80C1-38922E0F4DFB}"
EndProject
Project("{8BC9CEB8-8B4A-11D0-8D11-00A0C91BC942}") = "libcerror", "libcerror\libcerror.vcxproj", "{BD3A95FA-A3DE-4B79-A889-A7E5ECA4B69C}"
EndProject
Project("{8BC9CEB8-8B4A-11D0-8D11-00A0C91BC942}") = "libcfile", "libcfile\libcfile.vcxproj", "{4C93BDD3-1804-47F3-9B34-F2DE0CAE1AE0}"
EndProject
Project("{8BC9CEB8-8B4A-11D0-8D11-00A0C91BC942}") = "libclocale", "libclocale\libclocale.vcxproj", "{CEDF8919-00B2-4D8A-88CC-84ADB2D2FF89}"
EndProject
Project("{8BC9CEB8-8B4A-11D0-8D11-00A0C91BC942}") = "libcnotify", "libcnotify\libcnotify.vcxproj", "{5304AD69-D449-4589-B2C9-E4607E56A51D}"
EndProject
Project("{8BC9CEB8-8B4A-11D0-8D11-00A0C91BC942}") = "libcpath", "libcpath\libcpath.vcxproj", "{3FFB9C05-1145-45A7-9ADE-5C8D70FBD7CA}"
EndProject
Project("{8BC9CEB8-8B4A-11D0-8D11-00A0C91BC942}") = "libcsplit", "libcsplit\libcsplit.vcxproj", "{B86FB73A-4ACC-42DE-9545-586D93955B06}"
EndProject
Project("{8BC9CEB8-8B4A-11D0-8D11-00A0C91BC942}") = "libcthreads", "libcthreads\libcthreads.vcxproj", "{B7F30C47-6B2E-4A88-B485-DC1EB84AB811}"
EndProject
Project("{8BC9CEB8-8B4A-11D0-8D11-00A0C91BC942}") = "libfcache", "libfcache\libfcache.vcxproj", "{3D19EAAD-9195-468B-BC5B-D147A89CA4F5}"
EndProject
Project("{8BC9CEB8-8B4A-11D0-8D11-00A0C91BC942}") = "libfdata", "libfdata\libfdata.vcxproj", "{F94DCC2D-2B49-453E-89B3-FD81992677D0}"
EndProject
Project("{8BC9CEB8-8B4A-11D0-8D11-00A0C91BC942}") = "libfdatetime", "libfdatetime\libfdatetime.vcxproj", "{0DAB8FC8-C315-4020-8030-54EE30A8CA0F}"
EndProject
Project("{8BC9CEB8-8B4A-11D0-8D11-00A0C91BC942}") = "libfguid", "libfguid\libfguid.vcxproj", "{95F707BA-7F1D-4EE0-BDC1-71AC6BEF7048}"
EndProject
Project("{8BC9CEB8-8B4A-11D0-8D11-00A0C91BC942}") = "libfvalue", "libfvalue\libfvalue.vcxproj", "{85005D62-6AA7-4D8A-86CB-4061B23D7C6C}"
EndProject
Project("{8BC9CEB8-8B4A-11D0-8D11-00A0C91BC942}") = "libhmac", "libhmac\libhmac.vcxproj", "{D6DC307C-0CA0-4144-BB19-9C43B476280F}"
EndProject
Project("{8BC9CEB8-8B4A-11D0-8D11-00A0C91BC942}") = "libuna", "libuna\libuna.vcxproj", "{BC27FF34-C859-4A1A-95D6-FC89952E1910}"
EndProject
Project("{2150E333-8FDC-42A3-9474-1A3956D46DE8}") = "Net", "Net", "{02EA681E-C7D8-13C7-8484-4AC65E1B71E8}"
EndProject
Project("{8BC9CEB8-8B4A-11D0-8D11-00A0C91BC942}") = "ewf.net", "ewf.net\ewf.net.vcxproj", "{C50DB8AE-DF73-4F32-8F2C-E58E64426535}"
EndProject
Project("{8BC9CEB8-8B4A-11D0-8D11-00A0C91BC942}") = "ewf.net.coreapp", "ewf.net\ewf.net.coreapp.vcxproj", "{DAC48045-DEE8-4D30-BE85-BE2663E57976}"
EndProject
Global
	GlobalSection(SolutionConfigurationPlatforms) = preSolution
		Debug|x64 = Debug|x64
		Debug|x86 = Debug|x86
		Release|x64 = Release|x64
		Release|x86 = Release|x86
	EndGlobalSection
	GlobalSection(ProjectConfigurationPlatforms) = postSolution
		{41C2387C-9D7F-42B9-9998-3430FBC95AE7}.Debug|x64.ActiveCfg = VSDebug|x64
		{41C2387C-9D7F-42B9-9998-3430FBC95AE7}.Debug|x64.Build.0 = VSDebug|x64
		{41C2387C-9D7F-42B9-9998-3430FBC95AE7}.Debug|x86.ActiveCfg = VSDebug|Win32
		{41C2387C-9D7F-42B9-9998-3430FBC95AE7}.Debug|x86.Build.0 = VSDebug|Win32
		{41C2387C-9D7F-42B9-9998-3430FBC95AE7}.Release|x64.ActiveCfg = Release|x64
		{41C2387C-9D7F-42B9-9998-3430FBC95AE7}.Release|x64.Build.0 = Release|x64
		{41C2387C-9D7F-42B9-9998-3430FBC95AE7}.Release|x86.ActiveCfg = Release|Win32
		{41C2387C-9D7F-42B9-9998-3430FBC95AE7}.Release|x86.Build.0 = Release|Win32
		{41CFAFBF-A1C8-4704-AFEF-31979E6452B9}.Debug|x64.ActiveCfg = VSDebug|x64
		{41CFAFBF-A1C8-4704-AFEF-31979E6452B9}.Debug|x64.Build.0 = VSDebug|x64
		{41CFAFBF-A1C8-4704-AFEF-31979E6452B9}.Debug|x86.ActiveCfg = VSDebug|Win32
		{41CFAFBF-A1C8-4704-AFEF-31979E6452B9}.Debug|x86.Build.0 = VSDebug|Win32
		{41CFAFBF-A1C8-4704-AFEF-31979E6452B9}.Release|x64.ActiveCfg = Release|x64
		{41CFAFBF-A1C8-4704-AFEF-31979E6452B9}.Release|x64.Build.0 = Release|x64
		{41CFAFBF-A1C8-4704-AFEF-31979E6452B9}.Release|x86.ActiveCfg = Release|Win32
		{41CFAFBF-A1C8-4704-AFEF-31979E6452B9}.Release|x86.Build.0 = Release|Win32
		{E2E45353-D420-4921-A2CF-59D9047262F8}.Debug|x64.ActiveCfg = VSDebug|x64
		{E2E45353-D420-4921-A2CF-59D9047262F8}.Debug|x64.Build.0 = VSDebug|x64
		{E2E45353-D420-4921-A2CF-59D9047262F8}.Debug|x86.ActiveCfg = VSDebug|Win32
		{E2E45353-D420-4921-A2CF-59D9047262F8}.Debug|x86.Build.0 = VSDebug|Win32
		{E2E45353-D420-4921-A2CF-59D9047262F8}.Release|x64.ActiveCfg = Release|x64
		{E2E45353-D420-4921-A2CF-59D9047262F8}.Release|x64.Build.0 = Release|x64
		{E2E45353-D420-4921-A2CF-59D9047262F8}.Release|x86.ActiveCfg = Release|Win32
		{E2E45353-D420-4921-A2CF-59D9047262F8}.Release|x86.Build.0 = Release|Win32
		{B9332DC8-7594-47DF-80C1-38922E0F4DFB}.Debug|x64.ActiveCfg = VSDebug|x64
		{B9332DC8-7594-47DF-80C1-38922E0F4DFB}.Debug|x64.Build.0 = VSDebug|x64
		{B9332DC8-7594-47DF-80C1-38922E0F4DFB}.Debug|x86.ActiveCfg = VSDebug|Win32
		{B9332DC8-7594-47DF-80C1-38922E0F4DFB}.Debug|x86.Build.0 = VSDebug|Win32
		{B9332DC8-7594-47DF-80C1-38922E0F4DFB}.Release|x64.ActiveCfg = Release|x64
		{B9332DC8-7594-47DF-80C1-38922E0F4DFB}.Release|x64.Build.0 = Release|x64
		{B9332DC8-7594-47DF-80C1-38922E0F4DFB}.Release|x86.ActiveCfg = Release|Win32
		{B9332DC8-7594-47DF-80C1-38922E0F4DFB}.Release|x86.Build.0 = Release|Win32
		{BD3A95FA-A3DE-4B79-A889-A7E5ECA4B69C}.Debug|x64.ActiveCfg = VSDebug|x64
		{BD3A95FA-A3DE-4B79-A889-A7E5ECA4B69C}.Debug|x64.Build.0 = VSDebug|x64
		{BD3A95FA-A3DE-4B79-A889-A7E5ECA4B69C}.Debug|x86.ActiveCfg = VSDebug|Win32
		{BD3A95FA-A3DE-4B79-A889-A7E5ECA4B69C}.Debug|x86.Build.0 = VSDebug|Win32
		{BD3A95FA-A3DE-4B79-A889-A7E5ECA4B69C}.Release|x64.ActiveCfg = Release|x64
		{BD3A95FA-A3DE-4B79-A889-A7E5ECA4B69C}.Release|x64.Build.0 = Release|x64
		{BD3A95FA-A3DE-4B79-A889-A7E5ECA4B69C}.Release|x86.ActiveCfg = Release|Win32
		{BD3A95FA-A3DE-4B79-A889-A7E5ECA4B69C}.Release|x86.Build.0 = Release|Win32
		{4C93BDD3-1804-47F3-9B34-F2DE0CAE1AE0}.Debug|x64.ActiveCfg = VSDebug|x64
		{4C93BDD3-1804-47F3-9B34-F2DE0CAE1AE0}.Debug|x64.Build.0 = VSDebug|x64
		{4C93BDD3-1804-47F3-9B34-F2DE0CAE1AE0}.Debug|x86.ActiveCfg = VSDebug|Win32
		{4C93BDD3-1804-47F3-9B34-F2DE0CAE1AE0}.Debug|x86.Build.0 = VSDebug|Win32
		{4C93BDD3-1804-47F3-9B34-F2DE0CAE1AE0}.Release|x64.ActiveCfg = Release|x64
		{4C93BDD3-1804-47F3-9B34-F2DE0CAE1AE0}.Release|x64.Build.0 = Release|x64
		{4C93BDD3-1804-47F3-9B34-F2DE0CAE1AE0}.Release|x86.ActiveCfg = Release|Win32
		{4C93BDD3-1804-47F3-9B34-F2DE0CAE1AE0}.Release|x86.Build.0 = Release|Win32
		{CEDF8919-00B2-4D8A-88CC-84ADB2D2FF89}.Debug|x64.ActiveCfg = VSDebug|x64
		{CEDF8919-00B2-4D8A-88CC-84ADB2D2FF89}.Debug|x64.Build.0 = VSDebug|x64
		{CEDF8919-00B2-4D8A-88CC-84ADB2D2FF89}.Debug|x86.ActiveCfg = VSDebug|Win32
		{CEDF8919-00B2-4D8A-88CC-84ADB2D2FF89}.Debug|x86.Build.0 = VSDebug|Win32
		{CEDF8919-00B2-4D8A-88CC-84ADB2D2FF89}.Release|x64.ActiveCfg = Release|x64
		{CEDF8919-00B2-4D8A-88CC-84ADB2D2FF89}.Release|x64.Build.0 = Release|x64
		{CEDF8919-00B2-4D8A-88CC-84ADB2D2FF89}.Release|x86.ActiveCfg = Release|Win32
		{CEDF8919-00B2-4D8A-88CC-84ADB2D2FF89}.Release|x86.Build.0 = Release|Win32
		{5304AD69-D449-4589-B2C9-E4607E56A51D}.Debug|x64.ActiveCfg = VSDebug|x64
		{5304AD69-D449-4589-B2C9-E4607E56A51D}.Debug|x64.Build.0 = VSDebug|x64
		{5304AD69-D449-4589-B2C9-E4607E56A51D}.Debug|x86.ActiveCfg = VSDebug|Win32
		{5304AD69-D449-4589-B2C9-E4607E56A51D}.Debug|x86.Build.0 = VSDebug|Win32
		{5304AD69-D449-4589-B2C9-E4607E56A51D}.Release|x64.ActiveCfg = Release|x64
		{5304AD69-D449-4589-B2C9-E4607E56A51D}.Release|x64.Build.0 = Release|x64
		{5304AD69-D449-4589-B2C9-E4607E56A51D}.Release|x86.ActiveCfg = Release|Win32
		{5304AD69-D449-4589-B2C9-E4607E56A51D}.Release|x86.Build.0 = Release|Win32
		{3FFB9C05-1145-45A7-9ADE-5C8D70FBD7CA}.Debug|x64.ActiveCfg = VSDebug|x64
		{3FFB9C05-1145-45A7-9ADE-5C8D70FBD7CA}.Debug|x64.Build.0 = VSDebug|x64
		{3FFB9C05-1145-45A7-9ADE-5C8D70FBD7CA}.Debug|x86.ActiveCfg = VSDebug|Win32
		{3FFB9C05-1145-45A7-9ADE-5C8D70FBD7CA}.Debug|x86.Build.0 = VSDebug|Win32
		{3FFB9C05-1145-45A7-9ADE-5C8D70FBD7CA}.Release|x64.ActiveCfg = Release|x64
		{3FFB9C05-1145-45A7-9ADE-5C8D70FBD7CA}.Release|x64.Build.0 = Release|x64
		{3FFB9C05-1145-45A7-9ADE-5C8D70FBD7CA}.Release|x86.ActiveCfg = Release|Win32
		{3FFB9C05-1145-45A7-9ADE-5C8D70FBD7CA}.Release|x86.Build.0 = Release|Win32
		{B86FB73A-4ACC-42DE-9545-586D93955B06}.Debug|x64.ActiveCfg = VSDebug|x64
		{B86FB73A-4ACC-42DE-9545-586D93955B06}.Debug|x64.Build.0 = VSDebug|x64
		{B86FB73A-4ACC-42DE-9545-586D93955B06}.Debug|x86.ActiveCfg = VSDebug|Win32
		{B86FB73A-4ACC-42DE-9545-586D93955B06}.Debug|x86.Build.0 = VSDebug|Win32
		{B86FB73A-4ACC-42DE-9545-586D93955B06}.Release|x64.ActiveCfg = Release|x64
		{B86FB73A-4ACC-42DE-9545-586D93955B06}.Release|x64.Build.0 = Release|x64
		{B86FB73A-4ACC-42DE-9545-586D93955B06}.Release|x86.ActiveCfg = Release|Win32
		{B86FB73A-4ACC-42DE-9545-586D93955B06}.Release|x86.Build.0 = Release|Win32
		{B7F30C47-6B2E-4A88-B485-DC1EB84AB811}.Debug|x64.ActiveCfg = VSDebug|x64
		{B7F30C47-6B2E-4A88-B485-DC1EB84AB811}.Debug|x64.Build.0 = VSDebug|x64
		{B7F30C47-6B2E-4A88-B485-DC1EB84AB811}.Debug|x86.ActiveCfg = VSDebug|Win32
		{B7F30C47-6B2E-4A88-B485-DC1EB84AB811}.Debug|x86.Build.0 = VSDebug|Win32
		{B7F30C47-6B2E-4A88-B485-DC1EB84AB811}.Release|x64.ActiveCfg = Release|x64
		{B7F30C47-6B2E-4A88-B485-DC1EB84AB811}.Release|x64.Build.0 = Release|x64
		{B7F30C47-6B2E-4A88-B485-DC1EB84AB811}.Release|x86.ActiveCfg = Release|Win32
		{B7F30C47-6B2E-4A88-B485-DC1EB84AB811}.Release|x86.Build.0 = Release|Win32
		{3D19EAAD-9195-468B-BC5B-D147A89CA4F5}.Debug|x64.ActiveCfg = VSDebug|x64
		{3D19EAAD-9195-468B-BC5B-D147A89CA4F5}.Debug|x64.Build.0 = VSDebug|x64
		{3D19EAAD-9195-468B-BC5B-D147A89CA4F5}.Debug|x86.ActiveCfg = VSDebug|Win32
		{3D19EAAD-9195-468B-BC5B-D147A89CA4F5}.Debug|x86.Build.0 = VSDebug|Win32
		{3D19EAAD-9195-468B-BC5B-D147A89CA4F5}.Release|x64.ActiveCfg = Release|x64
		{3D19EAAD-9195-468B-BC5B-D147A89CA4F5}.Release|x64.Build.0 = Release|x64
		{3D19EAAD-9195-468B-BC5B-D147A89CA4F5}.Release|x86.ActiveCfg = Release|Win32
		{3D19EAAD-9195-468B-BC5B-D147A89CA4F5}.Release|x86.Build.0 = Release|Win32
		{F94DCC2D-2B49-453E-89B3-FD81992677D0}.Debug|x64.ActiveCfg = VSDebug|x64
		{F94DCC2D-2B49-453E-89B3-FD81992677D0}.Debug|x64.Build.0 = VSDebug|x64
		{F94DCC2D-2B49-453E-89B3-FD81992677D0}.Debug|x86.ActiveCfg = VSDebug|Win32
		{F94DCC2D-2B49-453E-89B3-FD81992677D0}.Debug|x86.Build.0 = VSDebug|Win32
		{F94DCC2D-2B49-453E-89B3-FD81992677D0}.Release|x64.ActiveCfg = Release|x64
		{F94DCC2D-2B49-453E-89B3-FD81992677D0}.Release|x64.Build.0 = Release|x64
		{F94DCC2D-2B49-453E-89B3-FD81992677D0}.Release|x86.ActiveCfg = Release|Win32
		{F94DCC2D-2B49-453E-89B3-FD81992677D0}.Release|x86.Build.0 = Release|Win32
		{0DAB8FC8-C315-4020-8030-54EE30A8CA0F}.Debug|x64.ActiveCfg = VSDebug|x64
		{0DAB8FC8-C315-4020-8030-54EE30A8CA0F}.Debug|x64.Build.0 = VSDebug|x64
		{0DAB8FC8-C315-4020-8030-54EE30A8CA0F}.Debug|x86.ActiveCfg = VSDebug|Win32
		{0DAB8FC8-C315-4020-8030-54EE30A8CA0F}.Debug|x86.Build.0 = VSDebug|Win32
		{0DAB8FC8-C315-4020-8030-54EE30A8CA0F}.Release|x64.ActiveCfg = Release|x64
		{0DAB8FC8-C315-4020-8030-54EE30A8CA0F}.Release|x64.Build.0 = Release|x64
		{0DAB8FC8-C315-4020-8030-54EE30A8CA0F}.Release|x86.ActiveCfg = Release|Win32
		{0DAB8FC8-C315-4020-8030-54EE30A8CA0F}.Release|x86.Build.0 = Release|Win32
		{95F707BA-7F1D-4EE0-BDC1-71AC6BEF7048}.Debug|x64.ActiveCfg = VSDebug|x64
		{95F707BA-7F1D-4EE0-BDC1-71AC6BEF7048}.Debug|x64.Build.0 = VSDebug|x64
		{95F707BA-7F1D-4EE0-BDC1-71AC6BEF7048}.Debug|x86.ActiveCfg = VSDebug|Win32
		{95F707BA-7F1D-4EE0-BDC1-71AC6BEF7048}.Debug|x86.Build.0 = VSDebug|Win32
		{95F707BA-7F1D-4EE0-BDC1-71AC6BEF7048}.Release|x64.ActiveCfg = Release|x64
		{95F707BA-7F1D-4EE0-BDC1-71AC6BEF7048}.Release|x64.Build.0 = Release|x64
		{95F707BA-7F1D-4EE0-BDC1-71AC6BEF7048}.Release|x86.ActiveCfg = Release|Win32
		{95F707BA-7F1D-4EE0-BDC1-71AC6BEF7048}.Release|x86.Build.0 = Release|Win32
		{85005D62-6AA7-4D8A-86CB-4061B23D7C6C}.Debug|x64.ActiveCfg = VSDebug|x64
		{85005D62-6AA7-4D8A-86CB-4061B23D7C6C}.Debug|x64.Build.0 = VSDebug|x64
		{85005D62-6AA7-4D8A-86CB-4061B23D7C6C}.Debug|x86.ActiveCfg = VSDebug|Win32
		{85005D62-6AA7-4D8A-86CB-4061B23D7C6C}.Debug|x86.Build.0 = VSDebug|Win32
		{85005D62-6AA7-4D8A-86CB-4061B23D7C6C}.Release|x64.ActiveCfg = Release|x64
		{85005D62-6AA7-4D8A-86CB-4061B23D7C6C}.Release|x64.Build.0 = Release|x64
		{85005D62-6AA7-4D8A-86CB-4061B23D7C6C}.Release|x86.ActiveCfg = Release|Win32
		{85005D62-6AA7-4D8A-86CB-4061B23D7C6C}.Release|x86.Build.0 = Release|Win32
		{D6DC307C-0CA0-4144-BB19-9C43B476280F}.Debug|x64.ActiveCfg = VSDebug|x64
		{D6DC307C-0CA0-4144-BB19-9C43B476280F}.Debug|x64.Build.0 = VSDebug|x64
		{D6DC307C-0CA0-4144-BB19-9C43B476280F}.Debug|x86.ActiveCfg = VSDebug|Win32
		{D6DC307C-0CA0-4144-BB19-9C43B476280F}.Debug|x86.Build.0 = VSDebug|Win32
		{D6DC307C-0CA0-4144-BB19-9C43B476280F}.Release|x64.ActiveCfg = Release|x64
		{D6DC307C-0CA0-4144-BB19-9C43B476280F}.Release|x64.Build.0 = Release|x64
		{D6DC307C-0CA0-4144-BB19-9C43B476280F}.Release|x86.ActiveCfg = Release|Win32
		{D6DC307C-0CA0-4144-BB19-9C43B476280F}.Release|x86.Build.0 = Release|Win32
		{BC27FF34-C859-4A1A-95D6-FC89952E1910}.Debug|x64.ActiveCfg = VSDebug|x64
		{BC27FF34-C859-4A1A-95D6-FC89952E1910}.Debug|x64.Build.0 = VSDebug|x64
		{BC27FF34-C859-4A1A-95D6-FC89952E1910}.Debug|x86.ActiveCfg = VSDebug|Win32
		{BC27FF34-C859-4A1A-95D6-FC89952E1910}.Debug|x86.Build.0 = VSDebug|Win32
		{BC27FF34-C859-4A1A-95D6-FC89952E1910}.Release|x64.ActiveCfg = Release|x64
		{BC27FF34-C859-4A1A-95D6-FC89952E1910}.Release|x64.Build.0 = Release|x64
		{BC27FF34-C859-4A1A-95D6-FC89952E1910}.Release|x86.ActiveCfg = Release|Win32
		{BC27FF34-C859-4A1A-95D6-FC89952E1910}.Release|x86.Build.0 = Release|Win32
		{C50DB8AE-DF73-4F32-8F2C-E58E64426535}.Debug|x64.ActiveCfg = VSDebug|x64
		{C50DB8AE-DF73-4F32-8F2C-E58E64426535}.Debug|x64.Build.0 = VSDebug|x64
		{C50DB8AE-DF73-4F32-8F2C-E58E64426535}.Debug|x86.ActiveCfg = VSDebug|Win32
		{C50DB8AE-DF73-4F32-8F2C-E58E64426535}.Debug|x86.Build.0 = VSDebug|Win32
		{C50DB8AE-DF73-4F32-8F2C-E58E64426535}.Release|x64.ActiveCfg = Release|x64
		{C50DB8AE-DF73-4F32-8F2C-E58E64426535}.Release|x64.Build.0 = Release|x64
		{C50DB8AE-DF73-4F32-8F2C-E58E64426535}.Release|x86.ActiveCfg = Release|Win32
		{C50DB8AE-DF73-4F32-8F2C-E58E64426535}.Release|x86.Build.0 = Release|Win32
		{DAC48045-DEE8-4D30-BE85-BE2663E57976}.Debug|x64.ActiveCfg = VSDebug|x64
		{DAC48045-DEE8-4D30-BE85-BE2663E57976}.Debug|x64.Build.0 = VSDebug|x64
		{DAC48045-DEE8-4D30-BE85-BE2663E57976}.Debug|x86.ActiveCfg = VSDebug|Win32
		{DAC48045-DEE8-4D30-BE85-BE2663E57976}.Debug|x86.Build.0 = VSDebug|Win32
		{DAC48045-DEE8-4D30-BE85-BE2663E57976}.Release|x64.ActiveCfg = Release|x64
		{DAC48045-DEE8-4D30-BE85-BE2663E57976}.Release|x64.Build.0 = Release|x64
		{DAC48045-DEE8-4D30-BE85-BE2663E57976}.Release|x86.ActiveCfg = Release|Win32
		{DAC48045-DEE8-4D30-BE85-BE2663E57976}.Release|x86.Build.0 = Release|Win32
	EndGlobalSection
	GlobalSection(SolutionProperties) = preSolution
		HideSolutionNode = FALSE
	EndGlobalSection
	GlobalSection(NestedProjects) = preSolution
		{C963D987-DDA3-4BA6-9C8A-7C65B57417E6} = {DF50DE95-3F11-44A2-86B4-377E8074C8EE}
		{41C2387C-9D7F-42B9-9998-3430FBC95AE7} = {C963D987-DDA3-4BA6-9C8A-7C65B57417E6}
		{41CFAFBF-A1C8-4704-AFEF-31979E6452B9} = {C963D987-DDA3-4BA6-9C8A-7C65B57417E6}
		{E2E45353-D420-4921-A2CF-59D9047262F8} = {C963D987-DDA3-4BA6-9C8A-7C65B57417E6}
		{B9332DC8-7594-47DF-80C1-38922E0F4DFB} = {C963D987-DDA3-4BA6-9C8A-7C65B57417E6}
		{BD3A95FA-A3DE-4B79-A889-A7E5ECA4B69C} = {C963D987-DDA3-4BA6-9C8A-7C65B57417E6}
		{4C93BDD3-1804-47F3-9B34-F2DE0CAE1AE0} = {C963D987-DDA3-4BA6-9C8A-7C65B57417E6}
		{CEDF8919-00B2-4D8A-88CC-84ADB2D2FF89} = {C963D987-DDA3-4BA6-9C8A-7C65B57417E6}
		{5304AD69-D449-4589-B2C9-E4607E56A51D} = {C963D987-DDA3-4BA6-9C8A-7C65B57417E6}
		{3FFB9C05-1145-45A7-9ADE-5C8D70FBD7CA} = {C963D987-DDA3-4BA6-9C8A-7C65B57417E6}
		{B86FB73A-4ACC-42DE-9545-586D93955B06} = {C963D987-DDA3-4BA6-9C8A-7C65B57417E6}
		{B7F30C47-6B2E-4A88-B485-DC1EB84AB811} = {C963D987-DDA3-4BA6-9C8A-7C65B57417E6}
		{3D19EAAD-9195-468B-BC5B-D147A89CA4F5} = {C963D987-DDA3-4BA6-9C8A-7C65B57417E6}
		{F94DCC2D-2B49-453E-89B3-FD81992677D0} = {C963D987-DDA3-4BA6-9C8A-7C65B57417E6}
		{0DAB8FC8-C315-4020-8030-54EE30A8CA0F} = {C963D987-DDA3-4BA6-9C8A-7C65B57417E6}
		{95F707BA-7F1D-4EE0-BDC1-71AC6BEF7048} = {C963D987-DDA3-4BA6-9C8A-7C65B57417E6}
		{85005D62-6AA7-4D8A-86CB-4061B23D7C6C} = {C963D987-DDA3-4BA6-9C8A-7C65B57417E6}
		{D6DC307C-0CA0-4144-BB19-9C43B476280F} = {C963D987-DDA3-4BA6-9C8A-7C65B57417E6}
		{BC27FF34-C859-4A1A-95D6-FC89952E1910} = {C963D987-DDA3-4BA6-9C8A-7C65B57417E6}
		{02EA681E-C7D8-13C7-8484-4AC65E1B71E8} = {DF50DE95-3F11-44A2-86B4-377E8074C8EE}
		{C50DB8AE-DF73-4F32-8F2C-E58E64426535} = {02EA681E-C7D8-13C7-8484-4AC65E1B71E8}
		{DAC48045-DEE8-4D30-BE85-BE2663E57976} = {02EA681E-C7D8-13C7-8484-4AC65E1B71E8}
	EndGlobalSection
	GlobalSection(ExtensibilityGlobals) = postSolution
		SolutionGuid = {5F15E7BA-E6CD-4854-A6FB-2F6B50C29147}
	EndGlobalSection
EndGlobal
