
Microsoft Visual Studio Solution File, Format Version 12.00
# Visual Studio Version 17
VisualStudioVersion = 17.1.32414.318
MinimumVisualStudioVersion = 10.0.40219.1
Project("{2150E333-8FDC-42A3-9474-1A3956D46DE8}") = "Components", "Components", "{DF50DE95-3F11-44A2-86B4-377E8074C8EE}"
EndProject
Project("{8BC9CEB8-8B4A-11D0-8D11-00A0C91BC942}") = "ewf.net", "ewf.net\ewf.net.vcxproj", "{C50DB8AE-DF73-4F32-8F2C-E58E64426535}"
EndProject
Project("{8BC9CEB8-8B4A-11D0-8D11-00A0C91BC942}") = "ewf.net.coreapp", "ewf.net\ewf.net.coreapp.vcxproj", "{DAC48045-DEE8-4D30-BE85-BE2663E57976}"
EndProject
Global
	GlobalSection(SolutionConfigurationPlatforms) = preSolution
		Debug|x64 = Debug|x64
		Debug|x86 = Debug|x86
		Release|x64 = Release|x64
		Release|x86 = Release|x86
	EndGlobalSection
	GlobalSection(ProjectConfigurationPlatforms) = postSolution
		{C50DB8AE-DF73-4F32-8F2C-E58E64426535}.Debug|x64.ActiveCfg = VSDebug|x64
		{C50DB8AE-DF73-4F32-8F2C-E58E64426535}.Debug|x64.Build.0 = VSDebug|x64
		{C50DB8AE-DF73-4F32-8F2C-E58E64426535}.Debug|x86.ActiveCfg = VSDebug|Win32
		{C50DB8AE-DF73-4F32-8F2C-E58E64426535}.Debug|x86.Build.0 = VSDebug|Win32
		{C50DB8AE-DF73-4F32-8F2C-E58E64426535}.Release|x64.ActiveCfg = Release|x64
		{C50DB8AE-DF73-4F32-8F2C-E58E64426535}.Release|x64.Build.0 = Release|x64
		{C50DB8AE-DF73-4F32-8F2C-E58E64426535}.Release|x86.ActiveCfg = Release|Win32
		{C50DB8AE-DF73-4F32-8F2C-E58E64426535}.Release|x86.Build.0 = Release|Win32
		{DAC48045-DEE8-4D30-BE85-BE2663E57976}.Debug|x64.ActiveCfg = VSDebug|x64
		{DAC48045-DEE8-4D30-BE85-BE2663E57976}.Debug|x64.Build.0 = VSDebug|x64
		{DAC48045-DEE8-4D30-BE85-BE2663E57976}.Debug|x86.ActiveCfg = VSDebug|Win32
		{DAC48045-DEE8-4D30-BE85-BE2663E57976}.Debug|x86.Build.0 = VSDebug|Win32
		{DAC48045-DEE8-4D30-BE85-BE2663E57976}.Release|x64.ActiveCfg = Release|x64
		{DAC48045-DEE8-4D30-BE85-BE2663E57976}.Release|x64.Build.0 = Release|x64
		{DAC48045-DEE8-4D30-BE85-BE2663E57976}.Release|x86.ActiveCfg = Release|Win32
		{DAC48045-DEE8-4D30-BE85-BE2663E57976}.Release|x86.Build.0 = Release|Win32
	EndGlobalSection
	GlobalSection(SolutionProperties) = preSolution
		HideSolutionNode = FALSE
	EndGlobalSection
	GlobalSection(NestedProjects) = preSolution
		{C50DB8AE-DF73-4F32-8F2C-E58E64426535} = {DF50DE95-3F11-44A2-86B4-377E8074C8EE}
		{DAC48045-DEE8-4D30-BE85-BE2663E57976} = {DF50DE95-3F11-44A2-86B4-377E8074C8EE}
	EndGlobalSection
	GlobalSection(ExtensibilityGlobals) = postSolution
		SolutionGuid = {5F15E7BA-E6CD-4854-A6FB-2F6B50C29147}
	EndGlobalSection
EndGlobal
